{
  "originHash" : "e721da7f9826abdffcb6185e886155efa2514bd6234475f1afa893e29eb258d6",
  "pins" : [
    {
      "identity" : "grdb.swift",
      "kind" : "remoteSourceControl",
      "location" : "https://github.com/groue/GRDB.swift",
      "state" : {
        "revision" : "0e10e5769c1e21cd1481b65d0e3db7fc79d4e999",
        "version" : "7.4.0"
      }
    },
    {
      "identity" : "sparkle",
      "kind" : "remoteSourceControl",
      "location" : "https://github.com/sparkle-project/Sparkle",
      "state" : {
        "revision" : "21d8df80440b1ca3b65fa82e40782f1e5a9e6ba2",
        "version" : "2.9.0"
      }
    }
  ],
  "version" : 3
}
